
Microsoft Visual Studio Solution File, Format Version 12.00
# Visual Studio Version 17
VisualStudioVersion = 17.0.32014.148
MinimumVisualStudioVersion = 10.0.40219.1
Project("{9A19103F-16F7-4668-BE54-9A1E7A4F7556}") = "E00.Methods", "Methods\E00.Methods.csproj", "{8A903C53-CB7F-4B1A-A9EA-33BB74E63670}"
EndProject
Project("{9A19103F-16F7-4668-BE54-9A1E7A4F7556}") = "E01.Sign of Integer Numbers", "1. Sign of Integer Numbers\E01.Sign of Integer Numbers.csproj", "{C1BB3248-6139-44E1-B510-D3FF6AB6D541}"
EndProject
Project("{9A19103F-16F7-4668-BE54-9A1E7A4F7556}") = "E02.Grades", "2. Grades\E02.Grades.csproj", "{1D491A18-CAAF-41FD-97AC-95131447675B}"
EndProject
Project("{9A19103F-16F7-4668-BE54-9A1E7A4F7556}") = "E03.Calculations", "3. Calculations\E03.Calculations.csproj", "{B323850B-1560-4B75-8CF4-D3D64EDDC767}"
EndProject
Project("{9A19103F-16F7-4668-BE54-9A1E7A4F7556}") = "E04.Printing Triangle", "4. Printing Triangle\E04.Printing Triangle.csproj", "{4FF35727-AB68-48EE-AC39-33821942778E}"
EndProject
Project("{9A19103F-16F7-4668-BE54-9A1E7A4F7556}") = "E05.Orders", "5. Orders\E05.Orders.csproj", "{3347927D-5F18-469E-98F0-C53A7B2D7B61}"
EndProject
Project("{9A19103F-16F7-4668-BE54-9A1E7A4F7556}") = "E06.Calculate Rectangle Area", "6. Calculate Rectangle Area\E06.Calculate Rectangle Area.csproj", "{BD1431FE-CB08-4531-A6AB-E6A3E1B92FB3}"
EndProject
Project("{9A19103F-16F7-4668-BE54-9A1E7A4F7556}") = "E07.Repeat String", "7. Repeat String\E07.Repeat String.csproj", "{C3539CAB-CA79-40D8-89E0-2C14B6F23458}"
EndProject
Project("{9A19103F-16F7-4668-BE54-9A1E7A4F7556}") = "E08.Math Power", "8. Math Power\E08.Math Power.csproj", "{DF64746E-80C7-4355-B900-4C95B7DDE1C5}"
EndProject
Project("{9A19103F-16F7-4668-BE54-9A1E7A4F7556}") = "E09.Greater of Two Values", "9. Greater of Two Values\E09.Greater of Two Values.csproj", "{B586384F-2B78-4486-871D-48051668B3E8}"
EndProject
Project("{9A19103F-16F7-4668-BE54-9A1E7A4F7556}") = "E10.Multiply Evens by Odds", "10. Multiply Evens by Odds\E10.Multiply Evens by Odds.csproj", "{B262F5DC-F4D5-43EB-BEC5-AFB93FE51206}"
EndProject
Project("{9A19103F-16F7-4668-BE54-9A1E7A4F7556}") = "E11.Math Operations", "11. Math Operations\E11.Math Operations.csproj", "{167E9E43-AEA3-4AF5-A60A-A0EBE69361EA}"
EndProject
Global
	GlobalSection(SolutionConfigurationPlatforms) = preSolution
		Debug|Any CPU = Debug|Any CPU
		Release|Any CPU = Release|Any CPU
	EndGlobalSection
	GlobalSection(ProjectConfigurationPlatforms) = postSolution
		{8A903C53-CB7F-4B1A-A9EA-33BB74E63670}.Debug|Any CPU.ActiveCfg = Debug|Any CPU
		{8A903C53-CB7F-4B1A-A9EA-33BB74E63670}.Debug|Any CPU.Build.0 = Debug|Any CPU
		{8A903C53-CB7F-4B1A-A9EA-33BB74E63670}.Release|Any CPU.ActiveCfg = Release|Any CPU
		{8A903C53-CB7F-4B1A-A9EA-33BB74E63670}.Release|Any CPU.Build.0 = Release|Any CPU
		{C1BB3248-6139-44E1-B510-D3FF6AB6D541}.Debug|Any CPU.ActiveCfg = Debug|Any CPU
		{C1BB3248-6139-44E1-B510-D3FF6AB6D541}.Debug|Any CPU.Build.0 = Debug|Any CPU
		{C1BB3248-6139-44E1-B510-D3FF6AB6D541}.Release|Any CPU.ActiveCfg = Release|Any CPU
		{C1BB3248-6139-44E1-B510-D3FF6AB6D541}.Release|Any CPU.Build.0 = Release|Any CPU
		{1D491A18-CAAF-41FD-97AC-95131447675B}.Debug|Any CPU.ActiveCfg = Debug|Any CPU
		{1D491A18-CAAF-41FD-97AC-95131447675B}.Debug|Any CPU.Build.0 = Debug|Any CPU
		{1D491A18-CAAF-41FD-97AC-95131447675B}.Release|Any CPU.ActiveCfg = Release|Any CPU
		{1D491A18-CAAF-41FD-97AC-95131447675B}.Release|Any CPU.Build.0 = Release|Any CPU
		{B323850B-1560-4B75-8CF4-D3D64EDDC767}.Debug|Any CPU.ActiveCfg = Debug|Any CPU
		{B323850B-1560-4B75-8CF4-D3D64EDDC767}.Debug|Any CPU.Build.0 = Debug|Any CPU
		{B323850B-1560-4B75-8CF4-D3D64EDDC767}.Release|Any CPU.ActiveCfg = Release|Any CPU
		{B323850B-1560-4B75-8CF4-D3D64EDDC767}.Release|Any CPU.Build.0 = Release|Any CPU
		{4FF35727-AB68-48EE-AC39-33821942778E}.Debug|Any CPU.ActiveCfg = Debug|Any CPU
		{4FF35727-AB68-48EE-AC39-33821942778E}.Debug|Any CPU.Build.0 = Debug|Any CPU
		{4FF35727-AB68-48EE-AC39-33821942778E}.Release|Any CPU.ActiveCfg = Release|Any CPU
		{4FF35727-AB68-48EE-AC39-33821942778E}.Release|Any CPU.Build.0 = Release|Any CPU
		{3347927D-5F18-469E-98F0-C53A7B2D7B61}.Debug|Any CPU.ActiveCfg = Debug|Any CPU
		{3347927D-5F18-469E-98F0-C53A7B2D7B61}.Debug|Any CPU.Build.0 = Debug|Any CPU
		{3347927D-5F18-469E-98F0-C53A7B2D7B61}.Release|Any CPU.ActiveCfg = Release|Any CPU
		{3347927D-5F18-469E-98F0-C53A7B2D7B61}.Release|Any CPU.Build.0 = Release|Any CPU
		{BD1431FE-CB08-4531-A6AB-E6A3E1B92FB3}.Debug|Any CPU.ActiveCfg = Debug|Any CPU
		{BD1431FE-CB08-4531-A6AB-E6A3E1B92FB3}.Debug|Any CPU.Build.0 = Debug|Any CPU
		{BD1431FE-CB08-4531-A6AB-E6A3E1B92FB3}.Release|Any CPU.ActiveCfg = Release|Any CPU
		{BD1431FE-CB08-4531-A6AB-E6A3E1B92FB3}.Release|Any CPU.Build.0 = Release|Any CPU
		{C3539CAB-CA79-40D8-89E0-2C14B6F23458}.Debug|Any CPU.ActiveCfg = Debug|Any CPU
		{C3539CAB-CA79-40D8-89E0-2C14B6F23458}.Debug|Any CPU.Build.0 = Debug|Any CPU
		{C3539CAB-CA79-40D8-89E0-2C14B6F23458}.Release|Any CPU.ActiveCfg = Release|Any CPU
		{C3539CAB-CA79-40D8-89E0-2C14B6F23458}.Release|Any CPU.Build.0 = Release|Any CPU
		{DF64746E-80C7-4355-B900-4C95B7DDE1C5}.Debug|Any CPU.ActiveCfg = Debug|Any CPU
		{DF64746E-80C7-4355-B900-4C95B7DDE1C5}.Debug|Any CPU.Build.0 = Debug|Any CPU
		{DF64746E-80C7-4355-B900-4C95B7DDE1C5}.Release|Any CPU.ActiveCfg = Release|Any CPU
		{DF64746E-80C7-4355-B900-4C95B7DDE1C5}.Release|Any CPU.Build.0 = Release|Any CPU
		{B586384F-2B78-4486-871D-48051668B3E8}.Debug|Any CPU.ActiveCfg = Debug|Any CPU
		{B586384F-2B78-4486-871D-48051668B3E8}.Debug|Any CPU.Build.0 = Debug|Any CPU
		{B586384F-2B78-4486-871D-48051668B3E8}.Release|Any CPU.ActiveCfg = Release|Any CPU
		{B586384F-2B78-4486-871D-48051668B3E8}.Release|Any CPU.Build.0 = Release|Any CPU
		{B262F5DC-F4D5-43EB-BEC5-AFB93FE51206}.Debug|Any CPU.ActiveCfg = Debug|Any CPU
		{B262F5DC-F4D5-43EB-BEC5-AFB93FE51206}.Debug|Any CPU.Build.0 = Debug|Any CPU
		{B262F5DC-F4D5-43EB-BEC5-AFB93FE51206}.Release|Any CPU.ActiveCfg = Release|Any CPU
		{B262F5DC-F4D5-43EB-BEC5-AFB93FE51206}.Release|Any CPU.Build.0 = Release|Any CPU
		{167E9E43-AEA3-4AF5-A60A-A0EBE69361EA}.Debug|Any CPU.ActiveCfg = Debug|Any CPU
		{167E9E43-AEA3-4AF5-A60A-A0EBE69361EA}.Debug|Any CPU.Build.0 = Debug|Any CPU
		{167E9E43-AEA3-4AF5-A60A-A0EBE69361EA}.Release|Any CPU.ActiveCfg = Release|Any CPU
		{167E9E43-AEA3-4AF5-A60A-A0EBE69361EA}.Release|Any CPU.Build.0 = Release|Any CPU
	EndGlobalSection
	GlobalSection(SolutionProperties) = preSolution
		HideSolutionNode = FALSE
	EndGlobalSection
	GlobalSection(ExtensibilityGlobals) = postSolution
		SolutionGuid = {13CE49B1-BBAA-4407-B5C4-A26CCE46FC05}
	EndGlobalSection
EndGlobal
