
Microsoft Visual Studio Solution File, Format Version 12.00
# Visual Studio Version 17
VisualStudioVersion = 17.0.32014.148
MinimumVisualStudioVersion = 10.0.40219.1
Project("{9A19103F-16F7-4668-BE54-9A1E7A4F7556}") = "Demo", "Associative Arrays\Demo.csproj", "{CFA17DB1-46C4-4010-ABA7-92C5AD6B9712}"
EndProject
Project("{9A19103F-16F7-4668-BE54-9A1E7A4F7556}") = "1. Count Real Numbers", "1. Count Real Numbers\1. Count Real Numbers.csproj", "{3740011E-C8A0-4E20-A057-460C4D2E516B}"
EndProject
Project("{9A19103F-16F7-4668-BE54-9A1E7A4F7556}") = "2. Odd Occurrences", "2. Odd Occurrences\2. Odd Occurrences.csproj", "{BC93E06A-6869-41C0-8E88-D84633269E4C}"
EndProject
Project("{9A19103F-16F7-4668-BE54-9A1E7A4F7556}") = "3. Word Synonyms", "3. Word Synonyms\3. Word Synonyms.csproj", "{08134B13-BD0B-4F8A-A22F-E3253F516E8D}"
EndProject
Project("{9A19103F-16F7-4668-BE54-9A1E7A4F7556}") = "4. Word Filter", "4. Word Filter\4. Word Filter.csproj", "{9C4D3C36-0B58-4571-A175-6E6C7BBA9DCA}"
EndProject
Global
	GlobalSection(SolutionConfigurationPlatforms) = preSolution
		Debug|Any CPU = Debug|Any CPU
		Release|Any CPU = Release|Any CPU
	EndGlobalSection
	GlobalSection(ProjectConfigurationPlatforms) = postSolution
		{CFA17DB1-46C4-4010-ABA7-92C5AD6B9712}.Debug|Any CPU.ActiveCfg = Debug|Any CPU
		{CFA17DB1-46C4-4010-ABA7-92C5AD6B9712}.Debug|Any CPU.Build.0 = Debug|Any CPU
		{CFA17DB1-46C4-4010-ABA7-92C5AD6B9712}.Release|Any CPU.ActiveCfg = Release|Any CPU
		{CFA17DB1-46C4-4010-ABA7-92C5AD6B9712}.Release|Any CPU.Build.0 = Release|Any CPU
		{3740011E-C8A0-4E20-A057-460C4D2E516B}.Debug|Any CPU.ActiveCfg = Debug|Any CPU
		{3740011E-C8A0-4E20-A057-460C4D2E516B}.Debug|Any CPU.Build.0 = Debug|Any CPU
		{3740011E-C8A0-4E20-A057-460C4D2E516B}.Release|Any CPU.ActiveCfg = Release|Any CPU
		{3740011E-C8A0-4E20-A057-460C4D2E516B}.Release|Any CPU.Build.0 = Release|Any CPU
		{BC93E06A-6869-41C0-8E88-D84633269E4C}.Debug|Any CPU.ActiveCfg = Debug|Any CPU
		{BC93E06A-6869-41C0-8E88-D84633269E4C}.Debug|Any CPU.Build.0 = Debug|Any CPU
		{BC93E06A-6869-41C0-8E88-D84633269E4C}.Release|Any CPU.ActiveCfg = Release|Any CPU
		{BC93E06A-6869-41C0-8E88-D84633269E4C}.Release|Any CPU.Build.0 = Release|Any CPU
		{08134B13-BD0B-4F8A-A22F-E3253F516E8D}.Debug|Any CPU.ActiveCfg = Debug|Any CPU
		{08134B13-BD0B-4F8A-A22F-E3253F516E8D}.Debug|Any CPU.Build.0 = Debug|Any CPU
		{08134B13-BD0B-4F8A-A22F-E3253F516E8D}.Release|Any CPU.ActiveCfg = Release|Any CPU
		{08134B13-BD0B-4F8A-A22F-E3253F516E8D}.Release|Any CPU.Build.0 = Release|Any CPU
		{9C4D3C36-0B58-4571-A175-6E6C7BBA9DCA}.Debug|Any CPU.ActiveCfg = Debug|Any CPU
		{9C4D3C36-0B58-4571-A175-6E6C7BBA9DCA}.Debug|Any CPU.Build.0 = Debug|Any CPU
		{9C4D3C36-0B58-4571-A175-6E6C7BBA9DCA}.Release|Any CPU.ActiveCfg = Release|Any CPU
		{9C4D3C36-0B58-4571-A175-6E6C7BBA9DCA}.Release|Any CPU.Build.0 = Release|Any CPU
	EndGlobalSection
	GlobalSection(SolutionProperties) = preSolution
		HideSolutionNode = FALSE
	EndGlobalSection
	GlobalSection(ExtensibilityGlobals) = postSolution
		SolutionGuid = {A9B43AAC-28B2-444C-A7CD-19E8EBC0194D}
	EndGlobalSection
EndGlobal
