
Microsoft Visual Studio Solution File, Format Version 12.00
# Visual Studio Version 17
VisualStudioVersion = 17.0.32014.148
MinimumVisualStudioVersion = 10.0.40219.1
Project("{9A19103F-16F7-4668-BE54-9A1E7A4F7556}") = "Lists", "Lists\Lists.csproj", "{54652D76-47FC-42E0-924D-05BC2D9FDF7B}"
EndProject
Project("{9A19103F-16F7-4668-BE54-9A1E7A4F7556}") = "E01.Sum Adjacent Equal Numbers", "1. Sum Adjacent Equal Numbers\E01.Sum Adjacent Equal Numbers.csproj", "{C4930E8F-89CB-4648-A1A2-0E86C3071394}"
EndProject
Project("{9A19103F-16F7-4668-BE54-9A1E7A4F7556}") = "E02.Gauss' Trick", "2. Gauss' Trick\E02.Gauss' Trick.csproj", "{1DA319D1-5A92-4970-873C-FBC7260E84E3}"
EndProject
Project("{9A19103F-16F7-4668-BE54-9A1E7A4F7556}") = "E03.Merging Lists", "3. Merging Lists\E03.Merging Lists.csproj", "{85FF50C3-129E-46A7-AE4D-55373BBFDEFD}"
EndProject
Project("{9A19103F-16F7-4668-BE54-9A1E7A4F7556}") = "E04.List of Products", "4. List of Products\E04.List of Products.csproj", "{7F041080-3FD0-47AB-809B-4D50AE112866}"
EndProject
Project("{9A19103F-16F7-4668-BE54-9A1E7A4F7556}") = "E05.Remove Negatives and Reverse", "5. Remove Negatives and Reverse\E05.Remove Negatives and Reverse.csproj", "{12057051-A129-42E4-9116-5E8E86A751D8}"
EndProject
Project("{9A19103F-16F7-4668-BE54-9A1E7A4F7556}") = "E06.List Manipulation Basics", "6. List Manipulation Basics\E06.List Manipulation Basics.csproj", "{15C271B6-919E-43CA-A477-75F7D02F9CD4}"
EndProject
Project("{9A19103F-16F7-4668-BE54-9A1E7A4F7556}") = "E07.List Manipulation Advanced", "7. List Manipulation Advanced\E07.List Manipulation Advanced.csproj", "{31155F3F-A40A-4A77-82F1-AB2F73094E49}"
EndProject
Global
	GlobalSection(SolutionConfigurationPlatforms) = preSolution
		Debug|Any CPU = Debug|Any CPU
		Release|Any CPU = Release|Any CPU
	EndGlobalSection
	GlobalSection(ProjectConfigurationPlatforms) = postSolution
		{54652D76-47FC-42E0-924D-05BC2D9FDF7B}.Debug|Any CPU.ActiveCfg = Debug|Any CPU
		{54652D76-47FC-42E0-924D-05BC2D9FDF7B}.Debug|Any CPU.Build.0 = Debug|Any CPU
		{54652D76-47FC-42E0-924D-05BC2D9FDF7B}.Release|Any CPU.ActiveCfg = Release|Any CPU
		{54652D76-47FC-42E0-924D-05BC2D9FDF7B}.Release|Any CPU.Build.0 = Release|Any CPU
		{C4930E8F-89CB-4648-A1A2-0E86C3071394}.Debug|Any CPU.ActiveCfg = Debug|Any CPU
		{C4930E8F-89CB-4648-A1A2-0E86C3071394}.Debug|Any CPU.Build.0 = Debug|Any CPU
		{C4930E8F-89CB-4648-A1A2-0E86C3071394}.Release|Any CPU.ActiveCfg = Release|Any CPU
		{C4930E8F-89CB-4648-A1A2-0E86C3071394}.Release|Any CPU.Build.0 = Release|Any CPU
		{1DA319D1-5A92-4970-873C-FBC7260E84E3}.Debug|Any CPU.ActiveCfg = Debug|Any CPU
		{1DA319D1-5A92-4970-873C-FBC7260E84E3}.Debug|Any CPU.Build.0 = Debug|Any CPU
		{1DA319D1-5A92-4970-873C-FBC7260E84E3}.Release|Any CPU.ActiveCfg = Release|Any CPU
		{1DA319D1-5A92-4970-873C-FBC7260E84E3}.Release|Any CPU.Build.0 = Release|Any CPU
		{85FF50C3-129E-46A7-AE4D-55373BBFDEFD}.Debug|Any CPU.ActiveCfg = Debug|Any CPU
		{85FF50C3-129E-46A7-AE4D-55373BBFDEFD}.Debug|Any CPU.Build.0 = Debug|Any CPU
		{85FF50C3-129E-46A7-AE4D-55373BBFDEFD}.Release|Any CPU.ActiveCfg = Release|Any CPU
		{85FF50C3-129E-46A7-AE4D-55373BBFDEFD}.Release|Any CPU.Build.0 = Release|Any CPU
		{7F041080-3FD0-47AB-809B-4D50AE112866}.Debug|Any CPU.ActiveCfg = Debug|Any CPU
		{7F041080-3FD0-47AB-809B-4D50AE112866}.Debug|Any CPU.Build.0 = Debug|Any CPU
		{7F041080-3FD0-47AB-809B-4D50AE112866}.Release|Any CPU.ActiveCfg = Release|Any CPU
		{7F041080-3FD0-47AB-809B-4D50AE112866}.Release|Any CPU.Build.0 = Release|Any CPU
		{12057051-A129-42E4-9116-5E8E86A751D8}.Debug|Any CPU.ActiveCfg = Debug|Any CPU
		{12057051-A129-42E4-9116-5E8E86A751D8}.Debug|Any CPU.Build.0 = Debug|Any CPU
		{12057051-A129-42E4-9116-5E8E86A751D8}.Release|Any CPU.ActiveCfg = Release|Any CPU
		{12057051-A129-42E4-9116-5E8E86A751D8}.Release|Any CPU.Build.0 = Release|Any CPU
		{15C271B6-919E-43CA-A477-75F7D02F9CD4}.Debug|Any CPU.ActiveCfg = Debug|Any CPU
		{15C271B6-919E-43CA-A477-75F7D02F9CD4}.Debug|Any CPU.Build.0 = Debug|Any CPU
		{15C271B6-919E-43CA-A477-75F7D02F9CD4}.Release|Any CPU.ActiveCfg = Release|Any CPU
		{15C271B6-919E-43CA-A477-75F7D02F9CD4}.Release|Any CPU.Build.0 = Release|Any CPU
		{31155F3F-A40A-4A77-82F1-AB2F73094E49}.Debug|Any CPU.ActiveCfg = Debug|Any CPU
		{31155F3F-A40A-4A77-82F1-AB2F73094E49}.Debug|Any CPU.Build.0 = Debug|Any CPU
		{31155F3F-A40A-4A77-82F1-AB2F73094E49}.Release|Any CPU.ActiveCfg = Release|Any CPU
		{31155F3F-A40A-4A77-82F1-AB2F73094E49}.Release|Any CPU.Build.0 = Release|Any CPU
	EndGlobalSection
	GlobalSection(SolutionProperties) = preSolution
		HideSolutionNode = FALSE
	EndGlobalSection
	GlobalSection(ExtensibilityGlobals) = postSolution
		SolutionGuid = {96BFCA28-F5E6-4EB4-BE16-41881A73B85C}
	EndGlobalSection
EndGlobal
