
Microsoft Visual Studio Solution File, Format Version 12.00
# Visual Studio Version 17
VisualStudioVersion = 17.0.32014.148
MinimumVisualStudioVersion = 10.0.40219.1
Project("{9A19103F-16F7-4668-BE54-9A1E7A4F7556}") = "Objects and Classes", "Objects and Classes\Objects and Classes.csproj", "{3DF78582-582F-47A8-A0F4-27B56113CB87}"
EndProject
Project("{9A19103F-16F7-4668-BE54-9A1E7A4F7556}") = "E01.Randomize Words", "1. Randomize Words\E01.Randomize Words.csproj", "{A4301637-835C-453D-8A88-09D348FA53C4}"
EndProject
Project("{9A19103F-16F7-4668-BE54-9A1E7A4F7556}") = "E02.Big Factorial", "2. Big Factorial\E02.Big Factorial.csproj", "{69AE4213-D654-42D1-B4CF-9851C94FF801}"
EndProject
Project("{9A19103F-16F7-4668-BE54-9A1E7A4F7556}") = "E03.Songs", "3. Songs\E03.Songs.csproj", "{C117B6D4-D506-40A5-B949-2D53193384BB}"
EndProject
Project("{9A19103F-16F7-4668-BE54-9A1E7A4F7556}") = "E04.Students", "4. Students\E04.Students.csproj", "{40C5658D-EBC5-44ED-B23A-A65FAEE747D9}"
EndProject
Project("{9A19103F-16F7-4668-BE54-9A1E7A4F7556}") = "E05.Students 2.0", "5. Students 2.0\E05.Students 2.0.csproj", "{37921368-FF2C-467D-BB2A-9E43D2ACBDC9}"
EndProject
Project("{9A19103F-16F7-4668-BE54-9A1E7A4F7556}") = "E06.Store Boxes", "6. Store Boxes\E06.Store Boxes.csproj", "{53D40F70-ACA7-46D9-80F4-C4D06E661BD0}"
EndProject
Project("{9A19103F-16F7-4668-BE54-9A1E7A4F7556}") = "E07.Vehicle Catalogue", "7. Vehicle Catalogue\E07.Vehicle Catalogue.csproj", "{280F0581-05E0-4A70-931E-CE8A56AB4E60}"
EndProject
Global
	GlobalSection(SolutionConfigurationPlatforms) = preSolution
		Debug|Any CPU = Debug|Any CPU
		Release|Any CPU = Release|Any CPU
	EndGlobalSection
	GlobalSection(ProjectConfigurationPlatforms) = postSolution
		{3DF78582-582F-47A8-A0F4-27B56113CB87}.Debug|Any CPU.ActiveCfg = Debug|Any CPU
		{3DF78582-582F-47A8-A0F4-27B56113CB87}.Debug|Any CPU.Build.0 = Debug|Any CPU
		{3DF78582-582F-47A8-A0F4-27B56113CB87}.Release|Any CPU.ActiveCfg = Release|Any CPU
		{3DF78582-582F-47A8-A0F4-27B56113CB87}.Release|Any CPU.Build.0 = Release|Any CPU
		{A4301637-835C-453D-8A88-09D348FA53C4}.Debug|Any CPU.ActiveCfg = Debug|Any CPU
		{A4301637-835C-453D-8A88-09D348FA53C4}.Debug|Any CPU.Build.0 = Debug|Any CPU
		{A4301637-835C-453D-8A88-09D348FA53C4}.Release|Any CPU.ActiveCfg = Release|Any CPU
		{A4301637-835C-453D-8A88-09D348FA53C4}.Release|Any CPU.Build.0 = Release|Any CPU
		{69AE4213-D654-42D1-B4CF-9851C94FF801}.Debug|Any CPU.ActiveCfg = Debug|Any CPU
		{69AE4213-D654-42D1-B4CF-9851C94FF801}.Debug|Any CPU.Build.0 = Debug|Any CPU
		{69AE4213-D654-42D1-B4CF-9851C94FF801}.Release|Any CPU.ActiveCfg = Release|Any CPU
		{69AE4213-D654-42D1-B4CF-9851C94FF801}.Release|Any CPU.Build.0 = Release|Any CPU
		{C117B6D4-D506-40A5-B949-2D53193384BB}.Debug|Any CPU.ActiveCfg = Debug|Any CPU
		{C117B6D4-D506-40A5-B949-2D53193384BB}.Debug|Any CPU.Build.0 = Debug|Any CPU
		{C117B6D4-D506-40A5-B949-2D53193384BB}.Release|Any CPU.ActiveCfg = Release|Any CPU
		{C117B6D4-D506-40A5-B949-2D53193384BB}.Release|Any CPU.Build.0 = Release|Any CPU
		{40C5658D-EBC5-44ED-B23A-A65FAEE747D9}.Debug|Any CPU.ActiveCfg = Debug|Any CPU
		{40C5658D-EBC5-44ED-B23A-A65FAEE747D9}.Debug|Any CPU.Build.0 = Debug|Any CPU
		{40C5658D-EBC5-44ED-B23A-A65FAEE747D9}.Release|Any CPU.ActiveCfg = Release|Any CPU
		{40C5658D-EBC5-44ED-B23A-A65FAEE747D9}.Release|Any CPU.Build.0 = Release|Any CPU
		{37921368-FF2C-467D-BB2A-9E43D2ACBDC9}.Debug|Any CPU.ActiveCfg = Debug|Any CPU
		{37921368-FF2C-467D-BB2A-9E43D2ACBDC9}.Debug|Any CPU.Build.0 = Debug|Any CPU
		{37921368-FF2C-467D-BB2A-9E43D2ACBDC9}.Release|Any CPU.ActiveCfg = Release|Any CPU
		{37921368-FF2C-467D-BB2A-9E43D2ACBDC9}.Release|Any CPU.Build.0 = Release|Any CPU
		{53D40F70-ACA7-46D9-80F4-C4D06E661BD0}.Debug|Any CPU.ActiveCfg = Debug|Any CPU
		{53D40F70-ACA7-46D9-80F4-C4D06E661BD0}.Debug|Any CPU.Build.0 = Debug|Any CPU
		{53D40F70-ACA7-46D9-80F4-C4D06E661BD0}.Release|Any CPU.ActiveCfg = Release|Any CPU
		{53D40F70-ACA7-46D9-80F4-C4D06E661BD0}.Release|Any CPU.Build.0 = Release|Any CPU
		{280F0581-05E0-4A70-931E-CE8A56AB4E60}.Debug|Any CPU.ActiveCfg = Debug|Any CPU
		{280F0581-05E0-4A70-931E-CE8A56AB4E60}.Debug|Any CPU.Build.0 = Debug|Any CPU
		{280F0581-05E0-4A70-931E-CE8A56AB4E60}.Release|Any CPU.ActiveCfg = Release|Any CPU
		{280F0581-05E0-4A70-931E-CE8A56AB4E60}.Release|Any CPU.Build.0 = Release|Any CPU
	EndGlobalSection
	GlobalSection(SolutionProperties) = preSolution
		HideSolutionNode = FALSE
	EndGlobalSection
	GlobalSection(ExtensibilityGlobals) = postSolution
		SolutionGuid = {1D6FB13D-9D32-4D41-AA6B-94B7395C440E}
	EndGlobalSection
EndGlobal
